
Microsoft Visual Studio Solution File, Format Version 12.00
# Visual Studio 14
VisualStudioVersion = 14.0.25420.1
MinimumVisualStudioVersion = 10.0.40219.1
Project("{FAE04EC0-301F-11D3-BF4B-00C04F79EFBC}") = "IrrationalEngine", "Irrational\IrrationalEngine.csproj", "{B85D84DB-46F7-4518-8CDB-3B1523E1223C}"
EndProject
Global
	GlobalSection(SolutionConfigurationPlatforms) = preSolution
		Debug|Any CPU = Debug|Any CPU
		Release|Any CPU = Release|Any CPU
	EndGlobalSection
	GlobalSection(ProjectConfigurationPlatforms) = postSolution
		{B85D84DB-46F7-4518-8CDB-3B1523E1223C}.Debug|Any CPU.ActiveCfg = Debug|Any CPU
		{B85D84DB-46F7-4518-8CDB-3B1523E1223C}.Debug|Any CPU.Build.0 = Debug|Any CPU
		{B85D84DB-46F7-4518-8CDB-3B1523E1223C}.Release|Any CPU.ActiveCfg = Release|Any CPU
		{B85D84DB-46F7-4518-8CDB-3B1523E1223C}.Release|Any CPU.Build.0 = Release|Any CPU
	EndGlobalSection
	GlobalSection(SolutionProperties) = preSolution
		HideSolutionNode = FALSE
	EndGlobalSection
	GlobalSection(MonoDevelopProperties) = preSolution
		BaseDirectory = Irrational
		Policies = $0
		$0.StandardHeader = $1
		$1.Text = 
		$1.IncludeInNewFiles = True
		$0.NameConventionPolicy = $2
		$2.Rules = $3
		$3.NamingRule = $4
		$4.Name = Type Parameters
		$4.AffectedEntity = TypeParameter
		$4.VisibilityMask = VisibilityMask
		$4.NamingStyle = PascalCase
		$4.IncludeInstanceMembers = True
		$4.IncludeStaticEntities = True
		$4.RequiredPrefixes = $5
		$5.String = T
		$4.RequiredSuffixes = $6
		$6.String = Exception
		$0.VersionControlPolicy = $7
		$7.inheritsSet = Mono
		outputpath = build\bin
	EndGlobalSection
EndGlobal
