Microsoft Visual Studio Solution File, Format Version 12.00
# Visual Studio 15
VisualStudioVersion = 15.0.27703.2026
MinimumVisualStudioVersion = 10.0.40219.1
Project("{9A19103F-16F7-4668-BE54-9A1E7A4F7556}") = "IrrationalEngineCore", "IrrationalEngineCore\IrrationalEngineCore.csproj", "{8EF499E7-9B48-4D4B-9630-63475F7C2E89}"
EndProject
Project("{9A19103F-16F7-4668-BE54-9A1E7A4F7556}") = "IrrationalEngineEditor", "IrrationalEngineEditor\IrrationalEngineEditor.csproj", "{722562BB-E262-4A8E-87F3-C96E09CD5B3B}"
EndProject
Project("{FAE04EC0-301F-11D3-BF4B-00C04F79EFBC}") = "IrrationalEngineEditor.Avalonia", "IrrationalEngineEditor.Avalonia\IrrationalEngineEditor.Avalonia.csproj", "{EFBCC48C-3FAE-4921-98C8-F3B371B99AD2}"
EndProject
Global
	GlobalSection(SolutionConfigurationPlatforms) = preSolution
		Debug|Any CPU = Debug|Any CPU
		Release|Any CPU = Release|Any CPU
	EndGlobalSection
	GlobalSection(ProjectConfigurationPlatforms) = postSolution
		{8EF499E7-9B48-4D4B-9630-63475F7C2E89}.Debug|Any CPU.ActiveCfg = Debug|Any CPU
		{8EF499E7-9B48-4D4B-9630-63475F7C2E89}.Debug|Any CPU.Build.0 = Debug|Any CPU
		{8EF499E7-9B48-4D4B-9630-63475F7C2E89}.Release|Any CPU.ActiveCfg = Release|Any CPU
		{8EF499E7-9B48-4D4B-9630-63475F7C2E89}.Release|Any CPU.Build.0 = Release|Any CPU
		{722562BB-E262-4A8E-87F3-C96E09CD5B3B}.Debug|Any CPU.ActiveCfg = Debug|Any CPU
		{722562BB-E262-4A8E-87F3-C96E09CD5B3B}.Debug|Any CPU.Build.0 = Debug|Any CPU
		{722562BB-E262-4A8E-87F3-C96E09CD5B3B}.Release|Any CPU.ActiveCfg = Release|Any CPU
		{722562BB-E262-4A8E-87F3-C96E09CD5B3B}.Release|Any CPU.Build.0 = Release|Any CPU
		{EFBCC48C-3FAE-4921-98C8-F3B371B99AD2}.Debug|Any CPU.ActiveCfg = Debug|Any CPU
		{EFBCC48C-3FAE-4921-98C8-F3B371B99AD2}.Debug|Any CPU.Build.0 = Debug|Any CPU
		{EFBCC48C-3FAE-4921-98C8-F3B371B99AD2}.Release|Any CPU.ActiveCfg = Release|Any CPU
		{EFBCC48C-3FAE-4921-98C8-F3B371B99AD2}.Release|Any CPU.Build.0 = Release|Any CPU
	EndGlobalSection
	GlobalSection(SolutionProperties) = preSolution
		HideSolutionNode = FALSE
	EndGlobalSection
	GlobalSection(ExtensibilityGlobals) = postSolution
		SolutionGuid = {A4F36513-6DAC-4F59-9D72-A08E57295AF9}
	EndGlobalSection
	GlobalSection(AvalonStudioProperties) = preSolution
		StartupItem = {8EF499E7-9B48-4D4B-9630-63475F7C2E89}
	EndGlobalSection
EndGlobal
